
Microsoft Visual Studio Solution File, Format Version 12.00
Project("{FAE04EC0-301F-11D3-BF4B-00C04F79EFBC}") = "Day1", "Day1\Day1.csproj", "{C1DC77A9-9E0B-449C-A2DC-76F88849F3C2}"
EndProject
Project("{FAE04EC0-301F-11D3-BF4B-00C04F79EFBC}") = "UtilExtensions", "..\UtilExtensions\UtilExtensions.csproj", "{CC47CAFA-8222-4855-9E41-6600A5242B12}"
EndProject
Project("{FAE04EC0-301F-11D3-BF4B-00C04F79EFBC}") = "Day2", "Day2\Day2.csproj", "{95A81652-5E68-44AB-B55C-5828D9CB225D}"
EndProject
Project("{FAE04EC0-301F-11D3-BF4B-00C04F79EFBC}") = "Day3", "Day3\Day3.csproj", "{CE8B2127-E9A3-4100-84CC-4EFED4C886F1}"
EndProject
Project("{FAE04EC0-301F-11D3-BF4B-00C04F79EFBC}") = "Day4", "Day4\Day4.csproj", "{8E577ACD-1633-4A95-9153-9F28B9751450}"
EndProject
Project("{FAE04EC0-301F-11D3-BF4B-00C04F79EFBC}") = "Day5", "Day5\Day5.csproj", "{2ECA18AE-4319-4266-B333-7837A7E27049}"
EndProject
Project("{FAE04EC0-301F-11D3-BF4B-00C04F79EFBC}") = "Day6", "Day6\Day6.csproj", "{90401BC4-CFB8-47DE-A020-A4ACE5B5A130}"
EndProject
Project("{FAE04EC0-301F-11D3-BF4B-00C04F79EFBC}") = "UtilExtensions.Tests", "..\UtilExtensions.Tests\UtilExtensions.Tests.csproj", "{8CFA4C03-6DD9-425C-8767-D61CF1C73DC1}"
EndProject
Project("{FAE04EC0-301F-11D3-BF4B-00C04F79EFBC}") = "Day7", "Day7\Day7.csproj", "{AF6CC8EB-1A81-4FA2-BAD6-5AE366C3E2ED}"
EndProject
Project("{FAE04EC0-301F-11D3-BF4B-00C04F79EFBC}") = "Day8", "Day8\Day8.csproj", "{BADC7810-D8EA-4E0B-BFC2-AE1BCA6D0646}"
EndProject
Project("{FAE04EC0-301F-11D3-BF4B-00C04F79EFBC}") = "Day9", "Day9\Day9.csproj", "{2A450F5C-D7B2-4D0F-84BD-BEC9CB25133D}"
EndProject
Project("{FAE04EC0-301F-11D3-BF4B-00C04F79EFBC}") = "Day10", "Day10\Day10.csproj", "{8A3E87CD-B5CE-40FF-9D23-B5FADA320959}"
EndProject
Global
	GlobalSection(SolutionConfigurationPlatforms) = preSolution
		Debug|Any CPU = Debug|Any CPU
		Release|Any CPU = Release|Any CPU
	EndGlobalSection
	GlobalSection(ProjectConfigurationPlatforms) = postSolution
		{C1DC77A9-9E0B-449C-A2DC-76F88849F3C2}.Debug|Any CPU.ActiveCfg = Debug|Any CPU
		{C1DC77A9-9E0B-449C-A2DC-76F88849F3C2}.Debug|Any CPU.Build.0 = Debug|Any CPU
		{C1DC77A9-9E0B-449C-A2DC-76F88849F3C2}.Release|Any CPU.ActiveCfg = Release|Any CPU
		{C1DC77A9-9E0B-449C-A2DC-76F88849F3C2}.Release|Any CPU.Build.0 = Release|Any CPU
		{CC47CAFA-8222-4855-9E41-6600A5242B12}.Debug|Any CPU.ActiveCfg = Debug|Any CPU
		{CC47CAFA-8222-4855-9E41-6600A5242B12}.Debug|Any CPU.Build.0 = Debug|Any CPU
		{CC47CAFA-8222-4855-9E41-6600A5242B12}.Release|Any CPU.ActiveCfg = Release|Any CPU
		{CC47CAFA-8222-4855-9E41-6600A5242B12}.Release|Any CPU.Build.0 = Release|Any CPU
		{95A81652-5E68-44AB-B55C-5828D9CB225D}.Debug|Any CPU.ActiveCfg = Debug|Any CPU
		{95A81652-5E68-44AB-B55C-5828D9CB225D}.Debug|Any CPU.Build.0 = Debug|Any CPU
		{95A81652-5E68-44AB-B55C-5828D9CB225D}.Release|Any CPU.ActiveCfg = Release|Any CPU
		{95A81652-5E68-44AB-B55C-5828D9CB225D}.Release|Any CPU.Build.0 = Release|Any CPU
		{CE8B2127-E9A3-4100-84CC-4EFED4C886F1}.Debug|Any CPU.ActiveCfg = Debug|Any CPU
		{CE8B2127-E9A3-4100-84CC-4EFED4C886F1}.Debug|Any CPU.Build.0 = Debug|Any CPU
		{CE8B2127-E9A3-4100-84CC-4EFED4C886F1}.Release|Any CPU.ActiveCfg = Release|Any CPU
		{CE8B2127-E9A3-4100-84CC-4EFED4C886F1}.Release|Any CPU.Build.0 = Release|Any CPU
		{8E577ACD-1633-4A95-9153-9F28B9751450}.Debug|Any CPU.ActiveCfg = Debug|Any CPU
		{8E577ACD-1633-4A95-9153-9F28B9751450}.Debug|Any CPU.Build.0 = Debug|Any CPU
		{8E577ACD-1633-4A95-9153-9F28B9751450}.Release|Any CPU.ActiveCfg = Release|Any CPU
		{8E577ACD-1633-4A95-9153-9F28B9751450}.Release|Any CPU.Build.0 = Release|Any CPU
		{2ECA18AE-4319-4266-B333-7837A7E27049}.Debug|Any CPU.ActiveCfg = Debug|Any CPU
		{2ECA18AE-4319-4266-B333-7837A7E27049}.Debug|Any CPU.Build.0 = Debug|Any CPU
		{2ECA18AE-4319-4266-B333-7837A7E27049}.Release|Any CPU.ActiveCfg = Release|Any CPU
		{2ECA18AE-4319-4266-B333-7837A7E27049}.Release|Any CPU.Build.0 = Release|Any CPU
		{90401BC4-CFB8-47DE-A020-A4ACE5B5A130}.Debug|Any CPU.ActiveCfg = Debug|Any CPU
		{90401BC4-CFB8-47DE-A020-A4ACE5B5A130}.Debug|Any CPU.Build.0 = Debug|Any CPU
		{90401BC4-CFB8-47DE-A020-A4ACE5B5A130}.Release|Any CPU.ActiveCfg = Release|Any CPU
		{90401BC4-CFB8-47DE-A020-A4ACE5B5A130}.Release|Any CPU.Build.0 = Release|Any CPU
		{8CFA4C03-6DD9-425C-8767-D61CF1C73DC1}.Debug|Any CPU.ActiveCfg = Debug|Any CPU
		{8CFA4C03-6DD9-425C-8767-D61CF1C73DC1}.Debug|Any CPU.Build.0 = Debug|Any CPU
		{8CFA4C03-6DD9-425C-8767-D61CF1C73DC1}.Release|Any CPU.ActiveCfg = Release|Any CPU
		{8CFA4C03-6DD9-425C-8767-D61CF1C73DC1}.Release|Any CPU.Build.0 = Release|Any CPU
		{AF6CC8EB-1A81-4FA2-BAD6-5AE366C3E2ED}.Debug|Any CPU.ActiveCfg = Debug|Any CPU
		{AF6CC8EB-1A81-4FA2-BAD6-5AE366C3E2ED}.Debug|Any CPU.Build.0 = Debug|Any CPU
		{AF6CC8EB-1A81-4FA2-BAD6-5AE366C3E2ED}.Release|Any CPU.ActiveCfg = Release|Any CPU
		{AF6CC8EB-1A81-4FA2-BAD6-5AE366C3E2ED}.Release|Any CPU.Build.0 = Release|Any CPU
		{BADC7810-D8EA-4E0B-BFC2-AE1BCA6D0646}.Debug|Any CPU.ActiveCfg = Debug|Any CPU
		{BADC7810-D8EA-4E0B-BFC2-AE1BCA6D0646}.Debug|Any CPU.Build.0 = Debug|Any CPU
		{BADC7810-D8EA-4E0B-BFC2-AE1BCA6D0646}.Release|Any CPU.ActiveCfg = Release|Any CPU
		{BADC7810-D8EA-4E0B-BFC2-AE1BCA6D0646}.Release|Any CPU.Build.0 = Release|Any CPU
		{2A450F5C-D7B2-4D0F-84BD-BEC9CB25133D}.Debug|Any CPU.ActiveCfg = Debug|Any CPU
		{2A450F5C-D7B2-4D0F-84BD-BEC9CB25133D}.Debug|Any CPU.Build.0 = Debug|Any CPU
		{2A450F5C-D7B2-4D0F-84BD-BEC9CB25133D}.Release|Any CPU.ActiveCfg = Release|Any CPU
		{2A450F5C-D7B2-4D0F-84BD-BEC9CB25133D}.Release|Any CPU.Build.0 = Release|Any CPU
		{8A3E87CD-B5CE-40FF-9D23-B5FADA320959}.Debug|Any CPU.ActiveCfg = Debug|Any CPU
		{8A3E87CD-B5CE-40FF-9D23-B5FADA320959}.Debug|Any CPU.Build.0 = Debug|Any CPU
		{8A3E87CD-B5CE-40FF-9D23-B5FADA320959}.Release|Any CPU.ActiveCfg = Release|Any CPU
		{8A3E87CD-B5CE-40FF-9D23-B5FADA320959}.Release|Any CPU.Build.0 = Release|Any CPU
	EndGlobalSection
EndGlobal
