
Microsoft Visual Studio Solution File, Format Version 12.00
Project("{FAE04EC0-301F-11D3-BF4B-00C04F79EFBC}") = "UtilExtensions", "..\UtilExtensions\UtilExtensions.csproj", "{03A2167D-7947-421A-A702-B28EA51A32C9}"
EndProject
Project("{FAE04EC0-301F-11D3-BF4B-00C04F79EFBC}") = "UtilExtensions.Tests", "..\UtilExtensions.Tests\UtilExtensions.Tests.csproj", "{89CC22EB-E5A9-4639-84C5-1B4B7687C33D}"
EndProject
Project("{FAE04EC0-301F-11D3-BF4B-00C04F79EFBC}") = "Day1", "Day1\Day1.csproj", "{8597A914-34D1-429F-B626-36B9DDA21343}"
EndProject
Project("{FAE04EC0-301F-11D3-BF4B-00C04F79EFBC}") = "Day2", "Day2\Day2.csproj", "{942ED1CE-EF21-44B9-BCC5-39E6E0FF869B}"
EndProject
Project("{FAE04EC0-301F-11D3-BF4B-00C04F79EFBC}") = "Day3", "Day3\Day3.csproj", "{9119002B-ACD9-4ADF-A612-73804E59A81D}"
EndProject
Project("{FAE04EC0-301F-11D3-BF4B-00C04F79EFBC}") = "Day4", "Day4\Day4.csproj", "{1EB1F576-C2A6-464A-8C4E-BF7F0E51453C}"
EndProject
Project("{FAE04EC0-301F-11D3-BF4B-00C04F79EFBC}") = "Day5", "Day5\Day5.csproj", "{B647AFEF-1A39-4ED4-9E8A-A15A2075B85F}"
EndProject
Project("{FAE04EC0-301F-11D3-BF4B-00C04F79EFBC}") = "Day6", "Day6\Day6.csproj", "{D8603120-544B-488A-9A7F-E27B8A0373D3}"
EndProject
Project("{FAE04EC0-301F-11D3-BF4B-00C04F79EFBC}") = "Day7", "Day7\Day7.csproj", "{9C2014F4-7348-4E5D-8A24-FA9A503E2B3E}"
EndProject
Project("{FAE04EC0-301F-11D3-BF4B-00C04F79EFBC}") = "Day8", "Day8\Day8.csproj", "{9B9ACD1B-50B3-4E5C-AB11-D4B70E61C2D2}"
EndProject
Project("{FAE04EC0-301F-11D3-BF4B-00C04F79EFBC}") = "Day9", "Day9\Day9.csproj", "{B149C623-425F-4175-96C6-E0A0908A39CC}"
EndProject
Project("{FAE04EC0-301F-11D3-BF4B-00C04F79EFBC}") = "Day10", "Day10\Day10.csproj", "{238FC8B9-54D8-4178-B75B-F6462FE78578}"
EndProject
Project("{FAE04EC0-301F-11D3-BF4B-00C04F79EFBC}") = "Day11", "Day11\Day11.csproj", "{7B05B49D-FA57-4E7C-B66D-7A5B5FD7A179}"
EndProject
Project("{FAE04EC0-301F-11D3-BF4B-00C04F79EFBC}") = "Day12", "Day12\Day12.csproj", "{DCDAD555-3533-4E9D-967B-3EE4811DA94E}"
EndProject
Project("{FAE04EC0-301F-11D3-BF4B-00C04F79EFBC}") = "Day13", "Day13\Day13.csproj", "{E0A9697E-E41D-4526-80A3-8CBAB6C5B092}"
EndProject
Project("{FAE04EC0-301F-11D3-BF4B-00C04F79EFBC}") = "Day14", "Day14\Day14.csproj", "{5522149F-80DC-4017-AA8C-B384AAA2A93E}"
EndProject
Project("{FAE04EC0-301F-11D3-BF4B-00C04F79EFBC}") = "Day15", "Day15\Day15.csproj", "{6D0BAD40-BC7C-4197-8486-6DE8718C25AC}"
EndProject
Project("{FAE04EC0-301F-11D3-BF4B-00C04F79EFBC}") = "Day16", "Day16\Day16.csproj", "{7D60F8A2-A9C7-4C3D-9DEB-0B177C139204}"
EndProject
Project("{FAE04EC0-301F-11D3-BF4B-00C04F79EFBC}") = "Day17", "Day17\Day17.csproj", "{D2C050FD-7EAC-4BBC-8A1D-7711B9A3BD9A}"
EndProject
Project("{FAE04EC0-301F-11D3-BF4B-00C04F79EFBC}") = "Day18", "Day18\Day18.csproj", "{B90E1359-5C60-4C6D-BE4F-69D815562897}"
EndProject
Project("{FAE04EC0-301F-11D3-BF4B-00C04F79EFBC}") = "Day19", "Day19\Day19.csproj", "{CE88F026-C033-46FC-B114-79E3E010565D}"
EndProject
Project("{FAE04EC0-301F-11D3-BF4B-00C04F79EFBC}") = "Day20", "Day20\Day20.csproj", "{0CB7720F-6504-48D2-8DCF-D4EC7AC2D372}"
EndProject
Project("{FAE04EC0-301F-11D3-BF4B-00C04F79EFBC}") = "Day21", "Day21\Day21.csproj", "{3DBDDF18-E1B0-4803-BEC1-6BD8A05A3087}"
EndProject
Global
	GlobalSection(SolutionConfigurationPlatforms) = preSolution
		Debug|Any CPU = Debug|Any CPU
		Release|Any CPU = Release|Any CPU
	EndGlobalSection
	GlobalSection(ProjectConfigurationPlatforms) = postSolution
		{03A2167D-7947-421A-A702-B28EA51A32C9}.Debug|Any CPU.ActiveCfg = Debug|Any CPU
		{03A2167D-7947-421A-A702-B28EA51A32C9}.Debug|Any CPU.Build.0 = Debug|Any CPU
		{03A2167D-7947-421A-A702-B28EA51A32C9}.Release|Any CPU.ActiveCfg = Release|Any CPU
		{03A2167D-7947-421A-A702-B28EA51A32C9}.Release|Any CPU.Build.0 = Release|Any CPU
		{89CC22EB-E5A9-4639-84C5-1B4B7687C33D}.Debug|Any CPU.ActiveCfg = Debug|Any CPU
		{89CC22EB-E5A9-4639-84C5-1B4B7687C33D}.Debug|Any CPU.Build.0 = Debug|Any CPU
		{89CC22EB-E5A9-4639-84C5-1B4B7687C33D}.Release|Any CPU.ActiveCfg = Release|Any CPU
		{89CC22EB-E5A9-4639-84C5-1B4B7687C33D}.Release|Any CPU.Build.0 = Release|Any CPU
		{8597A914-34D1-429F-B626-36B9DDA21343}.Debug|Any CPU.ActiveCfg = Debug|Any CPU
		{8597A914-34D1-429F-B626-36B9DDA21343}.Debug|Any CPU.Build.0 = Debug|Any CPU
		{8597A914-34D1-429F-B626-36B9DDA21343}.Release|Any CPU.ActiveCfg = Release|Any CPU
		{8597A914-34D1-429F-B626-36B9DDA21343}.Release|Any CPU.Build.0 = Release|Any CPU
		{942ED1CE-EF21-44B9-BCC5-39E6E0FF869B}.Debug|Any CPU.ActiveCfg = Debug|Any CPU
		{942ED1CE-EF21-44B9-BCC5-39E6E0FF869B}.Debug|Any CPU.Build.0 = Debug|Any CPU
		{942ED1CE-EF21-44B9-BCC5-39E6E0FF869B}.Release|Any CPU.ActiveCfg = Release|Any CPU
		{942ED1CE-EF21-44B9-BCC5-39E6E0FF869B}.Release|Any CPU.Build.0 = Release|Any CPU
		{9119002B-ACD9-4ADF-A612-73804E59A81D}.Debug|Any CPU.ActiveCfg = Debug|Any CPU
		{9119002B-ACD9-4ADF-A612-73804E59A81D}.Debug|Any CPU.Build.0 = Debug|Any CPU
		{9119002B-ACD9-4ADF-A612-73804E59A81D}.Release|Any CPU.ActiveCfg = Release|Any CPU
		{9119002B-ACD9-4ADF-A612-73804E59A81D}.Release|Any CPU.Build.0 = Release|Any CPU
		{1EB1F576-C2A6-464A-8C4E-BF7F0E51453C}.Debug|Any CPU.ActiveCfg = Debug|Any CPU
		{1EB1F576-C2A6-464A-8C4E-BF7F0E51453C}.Debug|Any CPU.Build.0 = Debug|Any CPU
		{1EB1F576-C2A6-464A-8C4E-BF7F0E51453C}.Release|Any CPU.ActiveCfg = Release|Any CPU
		{1EB1F576-C2A6-464A-8C4E-BF7F0E51453C}.Release|Any CPU.Build.0 = Release|Any CPU
		{B647AFEF-1A39-4ED4-9E8A-A15A2075B85F}.Debug|Any CPU.ActiveCfg = Debug|Any CPU
		{B647AFEF-1A39-4ED4-9E8A-A15A2075B85F}.Debug|Any CPU.Build.0 = Debug|Any CPU
		{B647AFEF-1A39-4ED4-9E8A-A15A2075B85F}.Release|Any CPU.ActiveCfg = Release|Any CPU
		{B647AFEF-1A39-4ED4-9E8A-A15A2075B85F}.Release|Any CPU.Build.0 = Release|Any CPU
		{D8603120-544B-488A-9A7F-E27B8A0373D3}.Debug|Any CPU.ActiveCfg = Debug|Any CPU
		{D8603120-544B-488A-9A7F-E27B8A0373D3}.Debug|Any CPU.Build.0 = Debug|Any CPU
		{D8603120-544B-488A-9A7F-E27B8A0373D3}.Release|Any CPU.ActiveCfg = Release|Any CPU
		{D8603120-544B-488A-9A7F-E27B8A0373D3}.Release|Any CPU.Build.0 = Release|Any CPU
		{9C2014F4-7348-4E5D-8A24-FA9A503E2B3E}.Debug|Any CPU.ActiveCfg = Debug|Any CPU
		{9C2014F4-7348-4E5D-8A24-FA9A503E2B3E}.Debug|Any CPU.Build.0 = Debug|Any CPU
		{9C2014F4-7348-4E5D-8A24-FA9A503E2B3E}.Release|Any CPU.ActiveCfg = Release|Any CPU
		{9C2014F4-7348-4E5D-8A24-FA9A503E2B3E}.Release|Any CPU.Build.0 = Release|Any CPU
		{9B9ACD1B-50B3-4E5C-AB11-D4B70E61C2D2}.Debug|Any CPU.ActiveCfg = Debug|Any CPU
		{9B9ACD1B-50B3-4E5C-AB11-D4B70E61C2D2}.Debug|Any CPU.Build.0 = Debug|Any CPU
		{9B9ACD1B-50B3-4E5C-AB11-D4B70E61C2D2}.Release|Any CPU.ActiveCfg = Release|Any CPU
		{9B9ACD1B-50B3-4E5C-AB11-D4B70E61C2D2}.Release|Any CPU.Build.0 = Release|Any CPU
		{B149C623-425F-4175-96C6-E0A0908A39CC}.Debug|Any CPU.ActiveCfg = Debug|Any CPU
		{B149C623-425F-4175-96C6-E0A0908A39CC}.Debug|Any CPU.Build.0 = Debug|Any CPU
		{B149C623-425F-4175-96C6-E0A0908A39CC}.Release|Any CPU.ActiveCfg = Release|Any CPU
		{B149C623-425F-4175-96C6-E0A0908A39CC}.Release|Any CPU.Build.0 = Release|Any CPU
		{238FC8B9-54D8-4178-B75B-F6462FE78578}.Debug|Any CPU.ActiveCfg = Debug|Any CPU
		{238FC8B9-54D8-4178-B75B-F6462FE78578}.Debug|Any CPU.Build.0 = Debug|Any CPU
		{238FC8B9-54D8-4178-B75B-F6462FE78578}.Release|Any CPU.ActiveCfg = Release|Any CPU
		{238FC8B9-54D8-4178-B75B-F6462FE78578}.Release|Any CPU.Build.0 = Release|Any CPU
		{7B05B49D-FA57-4E7C-B66D-7A5B5FD7A179}.Debug|Any CPU.ActiveCfg = Debug|Any CPU
		{7B05B49D-FA57-4E7C-B66D-7A5B5FD7A179}.Debug|Any CPU.Build.0 = Debug|Any CPU
		{7B05B49D-FA57-4E7C-B66D-7A5B5FD7A179}.Release|Any CPU.ActiveCfg = Release|Any CPU
		{7B05B49D-FA57-4E7C-B66D-7A5B5FD7A179}.Release|Any CPU.Build.0 = Release|Any CPU
		{DCDAD555-3533-4E9D-967B-3EE4811DA94E}.Debug|Any CPU.ActiveCfg = Debug|Any CPU
		{DCDAD555-3533-4E9D-967B-3EE4811DA94E}.Debug|Any CPU.Build.0 = Debug|Any CPU
		{DCDAD555-3533-4E9D-967B-3EE4811DA94E}.Release|Any CPU.ActiveCfg = Release|Any CPU
		{DCDAD555-3533-4E9D-967B-3EE4811DA94E}.Release|Any CPU.Build.0 = Release|Any CPU
		{E0A9697E-E41D-4526-80A3-8CBAB6C5B092}.Debug|Any CPU.ActiveCfg = Debug|Any CPU
		{E0A9697E-E41D-4526-80A3-8CBAB6C5B092}.Debug|Any CPU.Build.0 = Debug|Any CPU
		{E0A9697E-E41D-4526-80A3-8CBAB6C5B092}.Release|Any CPU.ActiveCfg = Release|Any CPU
		{E0A9697E-E41D-4526-80A3-8CBAB6C5B092}.Release|Any CPU.Build.0 = Release|Any CPU
		{5522149F-80DC-4017-AA8C-B384AAA2A93E}.Debug|Any CPU.ActiveCfg = Debug|Any CPU
		{5522149F-80DC-4017-AA8C-B384AAA2A93E}.Debug|Any CPU.Build.0 = Debug|Any CPU
		{5522149F-80DC-4017-AA8C-B384AAA2A93E}.Release|Any CPU.ActiveCfg = Release|Any CPU
		{5522149F-80DC-4017-AA8C-B384AAA2A93E}.Release|Any CPU.Build.0 = Release|Any CPU
		{6D0BAD40-BC7C-4197-8486-6DE8718C25AC}.Debug|Any CPU.ActiveCfg = Debug|Any CPU
		{6D0BAD40-BC7C-4197-8486-6DE8718C25AC}.Debug|Any CPU.Build.0 = Debug|Any CPU
		{6D0BAD40-BC7C-4197-8486-6DE8718C25AC}.Release|Any CPU.ActiveCfg = Release|Any CPU
		{6D0BAD40-BC7C-4197-8486-6DE8718C25AC}.Release|Any CPU.Build.0 = Release|Any CPU
		{7D60F8A2-A9C7-4C3D-9DEB-0B177C139204}.Debug|Any CPU.ActiveCfg = Debug|Any CPU
		{7D60F8A2-A9C7-4C3D-9DEB-0B177C139204}.Debug|Any CPU.Build.0 = Debug|Any CPU
		{7D60F8A2-A9C7-4C3D-9DEB-0B177C139204}.Release|Any CPU.ActiveCfg = Release|Any CPU
		{7D60F8A2-A9C7-4C3D-9DEB-0B177C139204}.Release|Any CPU.Build.0 = Release|Any CPU
		{D2C050FD-7EAC-4BBC-8A1D-7711B9A3BD9A}.Debug|Any CPU.ActiveCfg = Debug|Any CPU
		{D2C050FD-7EAC-4BBC-8A1D-7711B9A3BD9A}.Debug|Any CPU.Build.0 = Debug|Any CPU
		{D2C050FD-7EAC-4BBC-8A1D-7711B9A3BD9A}.Release|Any CPU.ActiveCfg = Release|Any CPU
		{D2C050FD-7EAC-4BBC-8A1D-7711B9A3BD9A}.Release|Any CPU.Build.0 = Release|Any CPU
		{B90E1359-5C60-4C6D-BE4F-69D815562897}.Debug|Any CPU.ActiveCfg = Debug|Any CPU
		{B90E1359-5C60-4C6D-BE4F-69D815562897}.Debug|Any CPU.Build.0 = Debug|Any CPU
		{B90E1359-5C60-4C6D-BE4F-69D815562897}.Release|Any CPU.ActiveCfg = Release|Any CPU
		{B90E1359-5C60-4C6D-BE4F-69D815562897}.Release|Any CPU.Build.0 = Release|Any CPU
		{CE88F026-C033-46FC-B114-79E3E010565D}.Debug|Any CPU.ActiveCfg = Debug|Any CPU
		{CE88F026-C033-46FC-B114-79E3E010565D}.Debug|Any CPU.Build.0 = Debug|Any CPU
		{CE88F026-C033-46FC-B114-79E3E010565D}.Release|Any CPU.ActiveCfg = Release|Any CPU
		{CE88F026-C033-46FC-B114-79E3E010565D}.Release|Any CPU.Build.0 = Release|Any CPU
		{0CB7720F-6504-48D2-8DCF-D4EC7AC2D372}.Debug|Any CPU.ActiveCfg = Debug|Any CPU
		{0CB7720F-6504-48D2-8DCF-D4EC7AC2D372}.Debug|Any CPU.Build.0 = Debug|Any CPU
		{0CB7720F-6504-48D2-8DCF-D4EC7AC2D372}.Release|Any CPU.ActiveCfg = Release|Any CPU
		{0CB7720F-6504-48D2-8DCF-D4EC7AC2D372}.Release|Any CPU.Build.0 = Release|Any CPU
		{3DBDDF18-E1B0-4803-BEC1-6BD8A05A3087}.Debug|Any CPU.ActiveCfg = Debug|Any CPU
		{3DBDDF18-E1B0-4803-BEC1-6BD8A05A3087}.Debug|Any CPU.Build.0 = Debug|Any CPU
		{3DBDDF18-E1B0-4803-BEC1-6BD8A05A3087}.Release|Any CPU.ActiveCfg = Release|Any CPU
		{3DBDDF18-E1B0-4803-BEC1-6BD8A05A3087}.Release|Any CPU.Build.0 = Release|Any CPU
	EndGlobalSection
EndGlobal
