
Microsoft Visual Studio Solution File, Format Version 12.00
Project("{FAE04EC0-301F-11D3-BF4B-00C04F79EFBC}") = "UtilExtensions", "..\UtilExtensions\UtilExtensions.csproj", "{DB21EC9B-88B9-4A67-B9CC-6FA9AD93FE8D}"
EndProject
Project("{FAE04EC0-301F-11D3-BF4B-00C04F79EFBC}") = "UtilExtensions.Tests", "..\UtilExtensions.Tests\UtilExtensions.Tests.csproj", "{92125AEE-9245-4777-B693-979D6542CA91}"
EndProject
Project("{FAE04EC0-301F-11D3-BF4B-00C04F79EFBC}") = "Day1", "Day1\Day1.csproj", "{61A95AE6-6CEE-4805-B233-71C6B72F4E1B}"
EndProject
Project("{FAE04EC0-301F-11D3-BF4B-00C04F79EFBC}") = "Day2", "Day2\Day2.csproj", "{A45B366A-425B-4DA6-AEFC-A173F5F7656B}"
EndProject
Project("{FAE04EC0-301F-11D3-BF4B-00C04F79EFBC}") = "Day3", "Day3\Day3.csproj", "{B612AF25-C9C8-4883-9D6B-556DB7C129F3}"
EndProject
Project("{FAE04EC0-301F-11D3-BF4B-00C04F79EFBC}") = "Day4", "Day4\Day4.csproj", "{BDD5D0A1-360D-439C-B014-834C89E4D142}"
EndProject
Project("{FAE04EC0-301F-11D3-BF4B-00C04F79EFBC}") = "Day5", "Day5\Day5.csproj", "{DFFACC07-694A-4B4D-A460-BC2C2ED0A81D}"
EndProject
Project("{FAE04EC0-301F-11D3-BF4B-00C04F79EFBC}") = "Day6", "Day6\Day6.csproj", "{D1A1C680-83B1-4889-A20F-B2B4CD97C929}"
EndProject
Project("{FAE04EC0-301F-11D3-BF4B-00C04F79EFBC}") = "Day7", "Day7\Day7.csproj", "{1019AD87-3369-4F71-8F5B-3C6AB084EE63}"
EndProject
Project("{FAE04EC0-301F-11D3-BF4B-00C04F79EFBC}") = "Day8", "Day8\Day8.csproj", "{529EB64E-B731-4923-9130-056410E28A77}"
EndProject
Project("{FAE04EC0-301F-11D3-BF4B-00C04F79EFBC}") = "Day9", "Day9\Day9.csproj", "{D911A316-09BA-4ED3-A1D7-F927C8F2A0E9}"
EndProject
Project("{FAE04EC0-301F-11D3-BF4B-00C04F79EFBC}") = "Day10", "Day10\Day10.csproj", "{2E8A5C8A-13E8-4AF3-B9BF-E1911C6EC4A0}"
EndProject
Project("{FAE04EC0-301F-11D3-BF4B-00C04F79EFBC}") = "Day11", "Day11\Day11.csproj", "{BBD12DF9-1A37-461B-BA4A-D155BDE8397F}"
EndProject
Project("{FAE04EC0-301F-11D3-BF4B-00C04F79EFBC}") = "Day12", "Day12\Day12.csproj", "{D9B230B1-A45B-4066-BBA3-E6B56430C840}"
EndProject
Project("{FAE04EC0-301F-11D3-BF4B-00C04F79EFBC}") = "Day13", "Day13\Day13.csproj", "{4F7003E2-6431-453A-B977-E8D69040A1EC}"
EndProject
Project("{FAE04EC0-301F-11D3-BF4B-00C04F79EFBC}") = "Day14", "Day14\Day14.csproj", "{2647A01D-129C-4036-845B-626425D67D11}"
EndProject
Project("{FAE04EC0-301F-11D3-BF4B-00C04F79EFBC}") = "Day15", "Day15\Day15.csproj", "{B9052D46-B288-44C3-88F5-665BB8BB55F6}"
EndProject
Project("{FAE04EC0-301F-11D3-BF4B-00C04F79EFBC}") = "Day16", "Day16\Day16.csproj", "{1E7E50E7-06EB-4D7F-9E8A-FB2122039BB7}"
EndProject
Project("{FAE04EC0-301F-11D3-BF4B-00C04F79EFBC}") = "Day17", "Day17\Day17.csproj", "{1978DA8B-ECEF-4B74-8803-7173153C280E}"
EndProject
Project("{FAE04EC0-301F-11D3-BF4B-00C04F79EFBC}") = "Day18", "Day18\Day18.csproj", "{AB4AC050-EFAB-4092-A6A3-0BF0D7EF0141}"
EndProject
Project("{FAE04EC0-301F-11D3-BF4B-00C04F79EFBC}") = "Day19", "Day19\Day19.csproj", "{9D7974B6-FB24-4AD0-B88B-300428A587CA}"
EndProject
Project("{FAE04EC0-301F-11D3-BF4B-00C04F79EFBC}") = "Day20", "Day20\Day20.csproj", "{A664B901-D834-430A-94C8-92AFC95CEB58}"
EndProject
Project("{FAE04EC0-301F-11D3-BF4B-00C04F79EFBC}") = "Day21", "Day21\Day21.csproj", "{6364AF45-429F-4223-A357-2B8A7D7D6BCB}"
EndProject
Project("{FAE04EC0-301F-11D3-BF4B-00C04F79EFBC}") = "Day22", "Day22\Day22.csproj", "{E4FB60CF-2A24-4494-9953-345548CD4257}"
EndProject
Project("{FAE04EC0-301F-11D3-BF4B-00C04F79EFBC}") = "Day23", "Day23\Day23.csproj", "{4D695304-AB44-4DBD-B0B2-4401AFCB602F}"
EndProject
Global
	GlobalSection(SolutionConfigurationPlatforms) = preSolution
		Debug|Any CPU = Debug|Any CPU
		Release|Any CPU = Release|Any CPU
	EndGlobalSection
	GlobalSection(ProjectConfigurationPlatforms) = postSolution
		{DB21EC9B-88B9-4A67-B9CC-6FA9AD93FE8D}.Debug|Any CPU.ActiveCfg = Debug|Any CPU
		{DB21EC9B-88B9-4A67-B9CC-6FA9AD93FE8D}.Debug|Any CPU.Build.0 = Debug|Any CPU
		{DB21EC9B-88B9-4A67-B9CC-6FA9AD93FE8D}.Release|Any CPU.ActiveCfg = Release|Any CPU
		{DB21EC9B-88B9-4A67-B9CC-6FA9AD93FE8D}.Release|Any CPU.Build.0 = Release|Any CPU
		{92125AEE-9245-4777-B693-979D6542CA91}.Debug|Any CPU.ActiveCfg = Debug|Any CPU
		{92125AEE-9245-4777-B693-979D6542CA91}.Debug|Any CPU.Build.0 = Debug|Any CPU
		{92125AEE-9245-4777-B693-979D6542CA91}.Release|Any CPU.ActiveCfg = Release|Any CPU
		{92125AEE-9245-4777-B693-979D6542CA91}.Release|Any CPU.Build.0 = Release|Any CPU
		{61A95AE6-6CEE-4805-B233-71C6B72F4E1B}.Debug|Any CPU.ActiveCfg = Debug|Any CPU
		{61A95AE6-6CEE-4805-B233-71C6B72F4E1B}.Debug|Any CPU.Build.0 = Debug|Any CPU
		{61A95AE6-6CEE-4805-B233-71C6B72F4E1B}.Release|Any CPU.ActiveCfg = Release|Any CPU
		{61A95AE6-6CEE-4805-B233-71C6B72F4E1B}.Release|Any CPU.Build.0 = Release|Any CPU
		{A45B366A-425B-4DA6-AEFC-A173F5F7656B}.Debug|Any CPU.ActiveCfg = Debug|Any CPU
		{A45B366A-425B-4DA6-AEFC-A173F5F7656B}.Debug|Any CPU.Build.0 = Debug|Any CPU
		{A45B366A-425B-4DA6-AEFC-A173F5F7656B}.Release|Any CPU.ActiveCfg = Release|Any CPU
		{A45B366A-425B-4DA6-AEFC-A173F5F7656B}.Release|Any CPU.Build.0 = Release|Any CPU
		{B612AF25-C9C8-4883-9D6B-556DB7C129F3}.Debug|Any CPU.ActiveCfg = Debug|Any CPU
		{B612AF25-C9C8-4883-9D6B-556DB7C129F3}.Debug|Any CPU.Build.0 = Debug|Any CPU
		{B612AF25-C9C8-4883-9D6B-556DB7C129F3}.Release|Any CPU.ActiveCfg = Release|Any CPU
		{B612AF25-C9C8-4883-9D6B-556DB7C129F3}.Release|Any CPU.Build.0 = Release|Any CPU
		{BDD5D0A1-360D-439C-B014-834C89E4D142}.Debug|Any CPU.ActiveCfg = Debug|Any CPU
		{BDD5D0A1-360D-439C-B014-834C89E4D142}.Debug|Any CPU.Build.0 = Debug|Any CPU
		{BDD5D0A1-360D-439C-B014-834C89E4D142}.Release|Any CPU.ActiveCfg = Release|Any CPU
		{BDD5D0A1-360D-439C-B014-834C89E4D142}.Release|Any CPU.Build.0 = Release|Any CPU
		{DFFACC07-694A-4B4D-A460-BC2C2ED0A81D}.Debug|Any CPU.ActiveCfg = Debug|Any CPU
		{DFFACC07-694A-4B4D-A460-BC2C2ED0A81D}.Debug|Any CPU.Build.0 = Debug|Any CPU
		{DFFACC07-694A-4B4D-A460-BC2C2ED0A81D}.Release|Any CPU.ActiveCfg = Release|Any CPU
		{DFFACC07-694A-4B4D-A460-BC2C2ED0A81D}.Release|Any CPU.Build.0 = Release|Any CPU
		{D1A1C680-83B1-4889-A20F-B2B4CD97C929}.Debug|Any CPU.ActiveCfg = Debug|Any CPU
		{D1A1C680-83B1-4889-A20F-B2B4CD97C929}.Debug|Any CPU.Build.0 = Debug|Any CPU
		{D1A1C680-83B1-4889-A20F-B2B4CD97C929}.Release|Any CPU.ActiveCfg = Release|Any CPU
		{D1A1C680-83B1-4889-A20F-B2B4CD97C929}.Release|Any CPU.Build.0 = Release|Any CPU
		{1019AD87-3369-4F71-8F5B-3C6AB084EE63}.Debug|Any CPU.ActiveCfg = Debug|Any CPU
		{1019AD87-3369-4F71-8F5B-3C6AB084EE63}.Debug|Any CPU.Build.0 = Debug|Any CPU
		{1019AD87-3369-4F71-8F5B-3C6AB084EE63}.Release|Any CPU.ActiveCfg = Release|Any CPU
		{1019AD87-3369-4F71-8F5B-3C6AB084EE63}.Release|Any CPU.Build.0 = Release|Any CPU
		{529EB64E-B731-4923-9130-056410E28A77}.Debug|Any CPU.ActiveCfg = Debug|Any CPU
		{529EB64E-B731-4923-9130-056410E28A77}.Debug|Any CPU.Build.0 = Debug|Any CPU
		{529EB64E-B731-4923-9130-056410E28A77}.Release|Any CPU.ActiveCfg = Release|Any CPU
		{529EB64E-B731-4923-9130-056410E28A77}.Release|Any CPU.Build.0 = Release|Any CPU
		{D911A316-09BA-4ED3-A1D7-F927C8F2A0E9}.Debug|Any CPU.ActiveCfg = Debug|Any CPU
		{D911A316-09BA-4ED3-A1D7-F927C8F2A0E9}.Debug|Any CPU.Build.0 = Debug|Any CPU
		{D911A316-09BA-4ED3-A1D7-F927C8F2A0E9}.Release|Any CPU.ActiveCfg = Release|Any CPU
		{D911A316-09BA-4ED3-A1D7-F927C8F2A0E9}.Release|Any CPU.Build.0 = Release|Any CPU
		{2E8A5C8A-13E8-4AF3-B9BF-E1911C6EC4A0}.Debug|Any CPU.ActiveCfg = Debug|Any CPU
		{2E8A5C8A-13E8-4AF3-B9BF-E1911C6EC4A0}.Debug|Any CPU.Build.0 = Debug|Any CPU
		{2E8A5C8A-13E8-4AF3-B9BF-E1911C6EC4A0}.Release|Any CPU.ActiveCfg = Release|Any CPU
		{2E8A5C8A-13E8-4AF3-B9BF-E1911C6EC4A0}.Release|Any CPU.Build.0 = Release|Any CPU
		{BBD12DF9-1A37-461B-BA4A-D155BDE8397F}.Debug|Any CPU.ActiveCfg = Debug|Any CPU
		{BBD12DF9-1A37-461B-BA4A-D155BDE8397F}.Debug|Any CPU.Build.0 = Debug|Any CPU
		{BBD12DF9-1A37-461B-BA4A-D155BDE8397F}.Release|Any CPU.ActiveCfg = Release|Any CPU
		{BBD12DF9-1A37-461B-BA4A-D155BDE8397F}.Release|Any CPU.Build.0 = Release|Any CPU
		{D9B230B1-A45B-4066-BBA3-E6B56430C840}.Debug|Any CPU.ActiveCfg = Debug|Any CPU
		{D9B230B1-A45B-4066-BBA3-E6B56430C840}.Debug|Any CPU.Build.0 = Debug|Any CPU
		{D9B230B1-A45B-4066-BBA3-E6B56430C840}.Release|Any CPU.ActiveCfg = Release|Any CPU
		{D9B230B1-A45B-4066-BBA3-E6B56430C840}.Release|Any CPU.Build.0 = Release|Any CPU
		{4F7003E2-6431-453A-B977-E8D69040A1EC}.Debug|Any CPU.ActiveCfg = Debug|Any CPU
		{4F7003E2-6431-453A-B977-E8D69040A1EC}.Debug|Any CPU.Build.0 = Debug|Any CPU
		{4F7003E2-6431-453A-B977-E8D69040A1EC}.Release|Any CPU.ActiveCfg = Release|Any CPU
		{4F7003E2-6431-453A-B977-E8D69040A1EC}.Release|Any CPU.Build.0 = Release|Any CPU
		{2647A01D-129C-4036-845B-626425D67D11}.Debug|Any CPU.ActiveCfg = Debug|Any CPU
		{2647A01D-129C-4036-845B-626425D67D11}.Debug|Any CPU.Build.0 = Debug|Any CPU
		{2647A01D-129C-4036-845B-626425D67D11}.Release|Any CPU.ActiveCfg = Release|Any CPU
		{2647A01D-129C-4036-845B-626425D67D11}.Release|Any CPU.Build.0 = Release|Any CPU
		{B9052D46-B288-44C3-88F5-665BB8BB55F6}.Debug|Any CPU.ActiveCfg = Debug|Any CPU
		{B9052D46-B288-44C3-88F5-665BB8BB55F6}.Debug|Any CPU.Build.0 = Debug|Any CPU
		{B9052D46-B288-44C3-88F5-665BB8BB55F6}.Release|Any CPU.ActiveCfg = Release|Any CPU
		{B9052D46-B288-44C3-88F5-665BB8BB55F6}.Release|Any CPU.Build.0 = Release|Any CPU
		{1E7E50E7-06EB-4D7F-9E8A-FB2122039BB7}.Debug|Any CPU.ActiveCfg = Debug|Any CPU
		{1E7E50E7-06EB-4D7F-9E8A-FB2122039BB7}.Debug|Any CPU.Build.0 = Debug|Any CPU
		{1E7E50E7-06EB-4D7F-9E8A-FB2122039BB7}.Release|Any CPU.ActiveCfg = Release|Any CPU
		{1E7E50E7-06EB-4D7F-9E8A-FB2122039BB7}.Release|Any CPU.Build.0 = Release|Any CPU
		{1978DA8B-ECEF-4B74-8803-7173153C280E}.Debug|Any CPU.ActiveCfg = Debug|Any CPU
		{1978DA8B-ECEF-4B74-8803-7173153C280E}.Debug|Any CPU.Build.0 = Debug|Any CPU
		{1978DA8B-ECEF-4B74-8803-7173153C280E}.Release|Any CPU.ActiveCfg = Release|Any CPU
		{1978DA8B-ECEF-4B74-8803-7173153C280E}.Release|Any CPU.Build.0 = Release|Any CPU
		{AB4AC050-EFAB-4092-A6A3-0BF0D7EF0141}.Debug|Any CPU.ActiveCfg = Debug|Any CPU
		{AB4AC050-EFAB-4092-A6A3-0BF0D7EF0141}.Debug|Any CPU.Build.0 = Debug|Any CPU
		{AB4AC050-EFAB-4092-A6A3-0BF0D7EF0141}.Release|Any CPU.ActiveCfg = Release|Any CPU
		{AB4AC050-EFAB-4092-A6A3-0BF0D7EF0141}.Release|Any CPU.Build.0 = Release|Any CPU
		{9D7974B6-FB24-4AD0-B88B-300428A587CA}.Debug|Any CPU.ActiveCfg = Debug|Any CPU
		{9D7974B6-FB24-4AD0-B88B-300428A587CA}.Debug|Any CPU.Build.0 = Debug|Any CPU
		{9D7974B6-FB24-4AD0-B88B-300428A587CA}.Release|Any CPU.ActiveCfg = Release|Any CPU
		{9D7974B6-FB24-4AD0-B88B-300428A587CA}.Release|Any CPU.Build.0 = Release|Any CPU
		{A664B901-D834-430A-94C8-92AFC95CEB58}.Debug|Any CPU.ActiveCfg = Debug|Any CPU
		{A664B901-D834-430A-94C8-92AFC95CEB58}.Debug|Any CPU.Build.0 = Debug|Any CPU
		{A664B901-D834-430A-94C8-92AFC95CEB58}.Release|Any CPU.ActiveCfg = Release|Any CPU
		{A664B901-D834-430A-94C8-92AFC95CEB58}.Release|Any CPU.Build.0 = Release|Any CPU
		{6364AF45-429F-4223-A357-2B8A7D7D6BCB}.Debug|Any CPU.ActiveCfg = Debug|Any CPU
		{6364AF45-429F-4223-A357-2B8A7D7D6BCB}.Debug|Any CPU.Build.0 = Debug|Any CPU
		{6364AF45-429F-4223-A357-2B8A7D7D6BCB}.Release|Any CPU.ActiveCfg = Release|Any CPU
		{6364AF45-429F-4223-A357-2B8A7D7D6BCB}.Release|Any CPU.Build.0 = Release|Any CPU
		{E4FB60CF-2A24-4494-9953-345548CD4257}.Debug|Any CPU.ActiveCfg = Debug|Any CPU
		{E4FB60CF-2A24-4494-9953-345548CD4257}.Debug|Any CPU.Build.0 = Debug|Any CPU
		{E4FB60CF-2A24-4494-9953-345548CD4257}.Release|Any CPU.ActiveCfg = Release|Any CPU
		{E4FB60CF-2A24-4494-9953-345548CD4257}.Release|Any CPU.Build.0 = Release|Any CPU
		{4D695304-AB44-4DBD-B0B2-4401AFCB602F}.Debug|Any CPU.ActiveCfg = Debug|Any CPU
		{4D695304-AB44-4DBD-B0B2-4401AFCB602F}.Debug|Any CPU.Build.0 = Debug|Any CPU
		{4D695304-AB44-4DBD-B0B2-4401AFCB602F}.Release|Any CPU.ActiveCfg = Release|Any CPU
		{4D695304-AB44-4DBD-B0B2-4401AFCB602F}.Release|Any CPU.Build.0 = Release|Any CPU
	EndGlobalSection
EndGlobal
