
Microsoft Visual Studio Solution File, Format Version 12.00
Project("{FAE04EC0-301F-11D3-BF4B-00C04F79EFBC}") = "Day1", "Day1\Day1.csproj", "{8A95E8C2-A04D-44BC-A575-9A8C5728AC72}"
EndProject
Project("{FAE04EC0-301F-11D3-BF4B-00C04F79EFBC}") = "Day2", "Day2\Day2.csproj", "{434C8937-68F2-485B-801F-74EAA166C47B}"
EndProject
Project("{FAE04EC0-301F-11D3-BF4B-00C04F79EFBC}") = "Day3", "Day3\Day3.csproj", "{A4B91C2A-522A-4D15-A9B7-170A20CD6F52}"
EndProject
Project("{FAE04EC0-301F-11D3-BF4B-00C04F79EFBC}") = "Day4", "Day4\Day4.csproj", "{95DF74B5-D492-4E7E-9156-18EEC2255337}"
EndProject
Project("{FAE04EC0-301F-11D3-BF4B-00C04F79EFBC}") = "Day5", "Day5\Day5.csproj", "{499B114B-6AFA-42C9-83A9-BD655019D5FF}"
EndProject
Project("{FAE04EC0-301F-11D3-BF4B-00C04F79EFBC}") = "Day6", "Day6\Day6.csproj", "{24D22F8E-2080-4CE1-A3C2-A05058ADF81F}"
EndProject
Project("{FAE04EC0-301F-11D3-BF4B-00C04F79EFBC}") = "Day7", "Day7\Day7.csproj", "{03EAC3FB-7BEF-4A46-9C99-9C947C44761D}"
EndProject
Project("{FAE04EC0-301F-11D3-BF4B-00C04F79EFBC}") = "Day8", "Day8\Day8.csproj", "{528FAED6-A578-4C81-9599-82FEA1B2D7F2}"
EndProject
Project("{FAE04EC0-301F-11D3-BF4B-00C04F79EFBC}") = "Day9", "Day9\Day9.csproj", "{59D117BA-61C7-45AA-9172-E97408CCFDDA}"
EndProject
Project("{FAE04EC0-301F-11D3-BF4B-00C04F79EFBC}") = "UtilExtensions", "UtilExtensions\UtilExtensions.csproj", "{91D70764-3702-42E0-8748-FF9884890266}"
EndProject
Project("{FAE04EC0-301F-11D3-BF4B-00C04F79EFBC}") = "UtilExtensions.Tests", "UtilExtensions.Tests\UtilExtensions.Tests.csproj", "{C8538AEE-16FA-4FC3-9D96-492369D15D6F}"
EndProject
Project("{FAE04EC0-301F-11D3-BF4B-00C04F79EFBC}") = "Day10", "Day10\Day10.csproj", "{9FB25593-1FBB-4F7C-B8E4-572C7308A19F}"
EndProject
Project("{FAE04EC0-301F-11D3-BF4B-00C04F79EFBC}") = "Day11", "Day11\Day11.csproj", "{E4521735-0E85-4D4C-BB6D-3ABE0DE386F3}"
EndProject
Project("{FAE04EC0-301F-11D3-BF4B-00C04F79EFBC}") = "Day12", "Day12\Day12.csproj", "{70D93383-F386-4E41-91A1-AA2A368C0ABD}"
EndProject
Project("{FAE04EC0-301F-11D3-BF4B-00C04F79EFBC}") = "Day13", "Day13\Day13.csproj", "{315276C1-BEBC-49CF-AB04-532C582751C9}"
EndProject
Project("{FAE04EC0-301F-11D3-BF4B-00C04F79EFBC}") = "Day14", "Day14\Day14.csproj", "{F0AE97A2-730E-4288-A71E-0D305A49BF2F}"
EndProject
Global
	GlobalSection(SolutionConfigurationPlatforms) = preSolution
		Debug|Any CPU = Debug|Any CPU
		Release|Any CPU = Release|Any CPU
	EndGlobalSection
	GlobalSection(ProjectConfigurationPlatforms) = postSolution
		{8A95E8C2-A04D-44BC-A575-9A8C5728AC72}.Debug|Any CPU.ActiveCfg = Debug|Any CPU
		{8A95E8C2-A04D-44BC-A575-9A8C5728AC72}.Debug|Any CPU.Build.0 = Debug|Any CPU
		{8A95E8C2-A04D-44BC-A575-9A8C5728AC72}.Release|Any CPU.ActiveCfg = Release|Any CPU
		{8A95E8C2-A04D-44BC-A575-9A8C5728AC72}.Release|Any CPU.Build.0 = Release|Any CPU
		{434C8937-68F2-485B-801F-74EAA166C47B}.Debug|Any CPU.ActiveCfg = Debug|Any CPU
		{434C8937-68F2-485B-801F-74EAA166C47B}.Debug|Any CPU.Build.0 = Debug|Any CPU
		{434C8937-68F2-485B-801F-74EAA166C47B}.Release|Any CPU.ActiveCfg = Release|Any CPU
		{434C8937-68F2-485B-801F-74EAA166C47B}.Release|Any CPU.Build.0 = Release|Any CPU
		{A4B91C2A-522A-4D15-A9B7-170A20CD6F52}.Debug|Any CPU.ActiveCfg = Debug|Any CPU
		{A4B91C2A-522A-4D15-A9B7-170A20CD6F52}.Debug|Any CPU.Build.0 = Debug|Any CPU
		{A4B91C2A-522A-4D15-A9B7-170A20CD6F52}.Release|Any CPU.ActiveCfg = Release|Any CPU
		{A4B91C2A-522A-4D15-A9B7-170A20CD6F52}.Release|Any CPU.Build.0 = Release|Any CPU
		{95DF74B5-D492-4E7E-9156-18EEC2255337}.Debug|Any CPU.ActiveCfg = Debug|Any CPU
		{95DF74B5-D492-4E7E-9156-18EEC2255337}.Debug|Any CPU.Build.0 = Debug|Any CPU
		{95DF74B5-D492-4E7E-9156-18EEC2255337}.Release|Any CPU.ActiveCfg = Release|Any CPU
		{95DF74B5-D492-4E7E-9156-18EEC2255337}.Release|Any CPU.Build.0 = Release|Any CPU
		{499B114B-6AFA-42C9-83A9-BD655019D5FF}.Debug|Any CPU.ActiveCfg = Debug|Any CPU
		{499B114B-6AFA-42C9-83A9-BD655019D5FF}.Debug|Any CPU.Build.0 = Debug|Any CPU
		{499B114B-6AFA-42C9-83A9-BD655019D5FF}.Release|Any CPU.ActiveCfg = Release|Any CPU
		{499B114B-6AFA-42C9-83A9-BD655019D5FF}.Release|Any CPU.Build.0 = Release|Any CPU
		{24D22F8E-2080-4CE1-A3C2-A05058ADF81F}.Debug|Any CPU.ActiveCfg = Debug|Any CPU
		{24D22F8E-2080-4CE1-A3C2-A05058ADF81F}.Debug|Any CPU.Build.0 = Debug|Any CPU
		{24D22F8E-2080-4CE1-A3C2-A05058ADF81F}.Release|Any CPU.ActiveCfg = Release|Any CPU
		{24D22F8E-2080-4CE1-A3C2-A05058ADF81F}.Release|Any CPU.Build.0 = Release|Any CPU
		{03EAC3FB-7BEF-4A46-9C99-9C947C44761D}.Debug|Any CPU.ActiveCfg = Debug|Any CPU
		{03EAC3FB-7BEF-4A46-9C99-9C947C44761D}.Debug|Any CPU.Build.0 = Debug|Any CPU
		{03EAC3FB-7BEF-4A46-9C99-9C947C44761D}.Release|Any CPU.ActiveCfg = Release|Any CPU
		{03EAC3FB-7BEF-4A46-9C99-9C947C44761D}.Release|Any CPU.Build.0 = Release|Any CPU
		{528FAED6-A578-4C81-9599-82FEA1B2D7F2}.Debug|Any CPU.ActiveCfg = Debug|Any CPU
		{528FAED6-A578-4C81-9599-82FEA1B2D7F2}.Debug|Any CPU.Build.0 = Debug|Any CPU
		{528FAED6-A578-4C81-9599-82FEA1B2D7F2}.Release|Any CPU.ActiveCfg = Release|Any CPU
		{528FAED6-A578-4C81-9599-82FEA1B2D7F2}.Release|Any CPU.Build.0 = Release|Any CPU
		{59D117BA-61C7-45AA-9172-E97408CCFDDA}.Debug|Any CPU.ActiveCfg = Debug|Any CPU
		{59D117BA-61C7-45AA-9172-E97408CCFDDA}.Debug|Any CPU.Build.0 = Debug|Any CPU
		{59D117BA-61C7-45AA-9172-E97408CCFDDA}.Release|Any CPU.ActiveCfg = Release|Any CPU
		{59D117BA-61C7-45AA-9172-E97408CCFDDA}.Release|Any CPU.Build.0 = Release|Any CPU
		{91D70764-3702-42E0-8748-FF9884890266}.Debug|Any CPU.ActiveCfg = Debug|Any CPU
		{91D70764-3702-42E0-8748-FF9884890266}.Debug|Any CPU.Build.0 = Debug|Any CPU
		{91D70764-3702-42E0-8748-FF9884890266}.Release|Any CPU.ActiveCfg = Release|Any CPU
		{91D70764-3702-42E0-8748-FF9884890266}.Release|Any CPU.Build.0 = Release|Any CPU
		{C8538AEE-16FA-4FC3-9D96-492369D15D6F}.Debug|Any CPU.ActiveCfg = Debug|Any CPU
		{C8538AEE-16FA-4FC3-9D96-492369D15D6F}.Debug|Any CPU.Build.0 = Debug|Any CPU
		{C8538AEE-16FA-4FC3-9D96-492369D15D6F}.Release|Any CPU.ActiveCfg = Release|Any CPU
		{C8538AEE-16FA-4FC3-9D96-492369D15D6F}.Release|Any CPU.Build.0 = Release|Any CPU
		{9FB25593-1FBB-4F7C-B8E4-572C7308A19F}.Debug|Any CPU.ActiveCfg = Debug|Any CPU
		{9FB25593-1FBB-4F7C-B8E4-572C7308A19F}.Debug|Any CPU.Build.0 = Debug|Any CPU
		{9FB25593-1FBB-4F7C-B8E4-572C7308A19F}.Release|Any CPU.ActiveCfg = Release|Any CPU
		{9FB25593-1FBB-4F7C-B8E4-572C7308A19F}.Release|Any CPU.Build.0 = Release|Any CPU
		{E4521735-0E85-4D4C-BB6D-3ABE0DE386F3}.Debug|Any CPU.ActiveCfg = Debug|Any CPU
		{E4521735-0E85-4D4C-BB6D-3ABE0DE386F3}.Debug|Any CPU.Build.0 = Debug|Any CPU
		{E4521735-0E85-4D4C-BB6D-3ABE0DE386F3}.Release|Any CPU.ActiveCfg = Release|Any CPU
		{E4521735-0E85-4D4C-BB6D-3ABE0DE386F3}.Release|Any CPU.Build.0 = Release|Any CPU
		{70D93383-F386-4E41-91A1-AA2A368C0ABD}.Debug|Any CPU.ActiveCfg = Debug|Any CPU
		{70D93383-F386-4E41-91A1-AA2A368C0ABD}.Debug|Any CPU.Build.0 = Debug|Any CPU
		{70D93383-F386-4E41-91A1-AA2A368C0ABD}.Release|Any CPU.ActiveCfg = Release|Any CPU
		{70D93383-F386-4E41-91A1-AA2A368C0ABD}.Release|Any CPU.Build.0 = Release|Any CPU
		{315276C1-BEBC-49CF-AB04-532C582751C9}.Debug|Any CPU.ActiveCfg = Debug|Any CPU
		{315276C1-BEBC-49CF-AB04-532C582751C9}.Debug|Any CPU.Build.0 = Debug|Any CPU
		{315276C1-BEBC-49CF-AB04-532C582751C9}.Release|Any CPU.ActiveCfg = Release|Any CPU
		{315276C1-BEBC-49CF-AB04-532C582751C9}.Release|Any CPU.Build.0 = Release|Any CPU
		{F0AE97A2-730E-4288-A71E-0D305A49BF2F}.Debug|Any CPU.ActiveCfg = Debug|Any CPU
		{F0AE97A2-730E-4288-A71E-0D305A49BF2F}.Debug|Any CPU.Build.0 = Debug|Any CPU
		{F0AE97A2-730E-4288-A71E-0D305A49BF2F}.Release|Any CPU.ActiveCfg = Release|Any CPU
		{F0AE97A2-730E-4288-A71E-0D305A49BF2F}.Release|Any CPU.Build.0 = Release|Any CPU
	EndGlobalSection
EndGlobal
